
Microsoft Visual Studio Solution File, Format Version 12.00
# Visual Studio Version 16
VisualStudioVersion = 16.0.31911.196
MinimumVisualStudioVersion = 10.0.40219.1
Project("{FAE04EC0-301F-11D3-BF4B-00C04F79EFBC}") = "Final", "Final\Final.csproj", "{E42F6FA0-9B9E-4E83-8240-FF16E8D4F729}"
EndProject
Global
	GlobalSection(SolutionConfigurationPlatforms) = preSolution
		Debug|Any CPU = Debug|Any CPU
		Release|Any CPU = Release|Any CPU
	EndGlobalSection
	GlobalSection(ProjectConfigurationPlatforms) = postSolution
		{E42F6FA0-9B9E-4E83-8240-FF16E8D4F729}.Debug|Any CPU.ActiveCfg = Debug|Any CPU
		{E42F6FA0-9B9E-4E83-8240-FF16E8D4F729}.Debug|Any CPU.Build.0 = Debug|Any CPU
		{E42F6FA0-9B9E-4E83-8240-FF16E8D4F729}.Release|Any CPU.ActiveCfg = Release|Any CPU
		{E42F6FA0-9B9E-4E83-8240-FF16E8D4F729}.Release|Any CPU.Build.0 = Release|Any CPU
	EndGlobalSection
	GlobalSection(SolutionProperties) = preSolution
		HideSolutionNode = FALSE
	EndGlobalSection
	GlobalSection(ExtensibilityGlobals) = postSolution
		SolutionGuid = {D9578D64-69BC-4C74-9835-E7A7D3F3F9A4}
	EndGlobalSection
EndGlobal
